
Microsoft Visual Studio Solution File, Format Version 12.00
# Visual Studio Version 17
VisualStudioVersion = 17.0.31919.166
MinimumVisualStudioVersion = 10.0.40219.1
Project("{FAE04EC0-301F-11D3-BF4B-00C04F79EFBC}") = "LuisDeivid", "LuisDeivid\LuisDeivid.csproj", "{0B179DF4-30E3-4592-94CB-CB19F26ECEBA}"
EndProject
Global
	GlobalSection(SolutionConfigurationPlatforms) = preSolution
		Debug|Any CPU = Debug|Any CPU
		Release|Any CPU = Release|Any CPU
	EndGlobalSection
	GlobalSection(ProjectConfigurationPlatforms) = postSolution
		{0B179DF4-30E3-4592-94CB-CB19F26ECEBA}.Debug|Any CPU.ActiveCfg = Debug|Any CPU
		{0B179DF4-30E3-4592-94CB-CB19F26ECEBA}.Debug|Any CPU.Build.0 = Debug|Any CPU
		{0B179DF4-30E3-4592-94CB-CB19F26ECEBA}.Release|Any CPU.ActiveCfg = Release|Any CPU
		{0B179DF4-30E3-4592-94CB-CB19F26ECEBA}.Release|Any CPU.Build.0 = Release|Any CPU
	EndGlobalSection
	GlobalSection(SolutionProperties) = preSolution
		HideSolutionNode = FALSE
	EndGlobalSection
	GlobalSection(ExtensibilityGlobals) = postSolution
		SolutionGuid = {5808FC6D-510C-4ACB-9635-7E8643423208}
	EndGlobalSection
EndGlobal
